// !$*UTF8*$!
{
	archiveVersion = 1;
	classes = {
	};
	objectVersion = 77;
	objects = {

/* Begin PBXBuildFile section */
		4BE00516CA6F80A424BA714B /* TapaApp.swift in Sources */ = {isa = PBXBuildFile; fileRef = FF9A724EDFA79E7D89478B46 /* TapaApp.swift */; };
		B169D52AD7A02C7B23446783 /* TapaUI in Frameworks */ = {isa = PBXBuildFile; productRef = 0FA3D000F738863FC7470B36 /* TapaUI */; };
		D26ECE3BAFFB492F11B4CFDB /* TapaCore in Frameworks */ = {isa = PBXBuildFile; productRef = E39B8E236A9D9EA2DC83DD5D /* TapaCore */; };
/* End PBXBuildFile section */

/* Begin PBXFileReference section */
		066069F1913900B5432A6C09 /* Base.xcconfig */ = {isa = PBXFileReference; lastKnownFileType = text.xcconfig; path = Base.xcconfig; sourceTree = "<group>"; };
		2D9B4BF4BF860CF0B8470E4F /* ios */ = {isa = PBXFileReference; lastKnownFileType = folder; name = ios; path = .; sourceTree = SOURCE_ROOT; };
		63AAF16B2D0112045C597155 /* Tapa.app */ = {isa = PBXFileReference; includeInIndex = 0; lastKnownFileType = wrapper.application; path = Tapa.app; sourceTree = BUILT_PRODUCTS_DIR; };
		FF9A724EDFA79E7D89478B46 /* TapaApp.swift */ = {isa = PBXFileReference; lastKnownFileType = sourcecode.swift; path = TapaApp.swift; sourceTree = "<group>"; };
/* End PBXFileReference section */

/* Begin PBXFrameworksBuildPhase section */
		34E5E61AA1081235D8AE36F9 /* Frameworks */ = {
			isa = PBXFrameworksBuildPhase;
			buildActionMask = 2147483647;
			files = (
				D26ECE3BAFFB492F11B4CFDB /* TapaCore in Frameworks */,
				B169D52AD7A02C7B23446783 /* TapaUI in Frameworks */,
			);
			runOnlyForDeploymentPostprocessing = 0;
		};
/* End PBXFrameworksBuildPhase section */

/* Begin PBXGroup section */
		327287087B33F5EF96B3141B /* Config */ = {
			isa = PBXGroup;
			children = (
				066069F1913900B5432A6C09 /* Base.xcconfig */,
			);
			path = Config;
			sourceTree = "<group>";
		};
		5FEA5972E0C049976BD118AE /* Products */ = {
			isa = PBXGroup;
			children = (
				63AAF16B2D0112045C597155 /* Tapa.app */,
			);
			name = Products;
			sourceTree = "<group>";
		};
		B7F350ED0E73A28F1BD21DCC /* TapaApp */ = {
			isa = PBXGroup;
			children = (
				FF9A724EDFA79E7D89478B46 /* TapaApp.swift */,
			);
			name = TapaApp;
			path = Sources/TapaApp;
			sourceTree = "<group>";
		};
		E750C1CCB3FBAC41B80DA3B5 /* Packages */ = {
			isa = PBXGroup;
			children = (
				2D9B4BF4BF860CF0B8470E4F /* ios */,
			);
			name = Packages;
			sourceTree = "<group>";
		};
		F933FBADEC62591D0AE1D198 = {
			isa = PBXGroup;
			children = (
				327287087B33F5EF96B3141B /* Config */,
				E750C1CCB3FBAC41B80DA3B5 /* Packages */,
				B7F350ED0E73A28F1BD21DCC /* TapaApp */,
				5FEA5972E0C049976BD118AE /* Products */,
			);
			sourceTree = "<group>";
		};
/* End PBXGroup section */

/* Begin PBXNativeTarget section */
		F26A30436F679DB7E3DF5B61 /* Tapa */ = {
			isa = PBXNativeTarget;
			buildConfigurationList = 8004605CF1346621427B11F2 /* Build configuration list for PBXNativeTarget "Tapa" */;
			buildPhases = (
				832396E2436F9CEE8F76CF5E /* Sources */,
				34E5E61AA1081235D8AE36F9 /* Frameworks */,
			);
			buildRules = (
			);
			dependencies = (
			);
			name = Tapa;
			packageProductDependencies = (
				E39B8E236A9D9EA2DC83DD5D /* TapaCore */,
				0FA3D000F738863FC7470B36 /* TapaUI */,
			);
			productName = Tapa;
			productReference = 63AAF16B2D0112045C597155 /* Tapa.app */;
			productType = "com.apple.product-type.application";
		};
/* End PBXNativeTarget section */

/* Begin PBXProject section */
		89B2BF9220BFFC0979D6B76E /* Project object */ = {
			isa = PBXProject;
			attributes = {
				BuildIndependentTargetsInParallel = YES;
				LastUpgradeCheck = 1430;
				TargetAttributes = {
					F26A30436F679DB7E3DF5B61 = {
						ProvisioningStyle = Automatic;
					};
				};
			};
			buildConfigurationList = EE020CE938A9146572EC8B91 /* Build configuration list for PBXProject "Tapa" */;
			developmentRegion = en;
			hasScannedForEncodings = 0;
			knownRegions = (
				Base,
				en,
			);
			mainGroup = F933FBADEC62591D0AE1D198;
			minimizedProjectReferenceProxies = 1;
			packageReferences = (
				AFC7EACC056A3F4453D31F5E /* XCLocalSwiftPackageReference "." */,
			);
			preferredProjectObjectVersion = 77;
			productRefGroup = 5FEA5972E0C049976BD118AE /* Products */;
			projectDirPath = "";
			projectRoot = "";
			targets = (
				F26A30436F679DB7E3DF5B61 /* Tapa */,
			);
		};
/* End PBXProject section */

/* Begin PBXSourcesBuildPhase section */
		832396E2436F9CEE8F76CF5E /* Sources */ = {
			isa = PBXSourcesBuildPhase;
			buildActionMask = 2147483647;
			files = (
				4BE00516CA6F80A424BA714B /* TapaApp.swift in Sources */,
			);
			runOnlyForDeploymentPostprocessing = 0;
		};
/* End PBXSourcesBuildPhase section */

/* Begin XCBuildConfiguration section */
		4732432269011BF38A04402F /* Debug */ = {
			isa = XCBuildConfiguration;
			baseConfigurationReference = 066069F1913900B5432A6C09 /* Base.xcconfig */;
			buildSettings = {
				ALWAYS_SEARCH_USER_PATHS = NO;
				CLANG_ANALYZER_NONNULL = YES;
				CLANG_ANALYZER_NUMBER_OBJECT_CONVERSION = YES_AGGRESSIVE;
				CLANG_CXX_LANGUAGE_STANDARD = "gnu++14";
				CLANG_CXX_LIBRARY = "libc++";
				CLANG_ENABLE_MODULES = YES;
				CLANG_ENABLE_OBJC_ARC = YES;
				CLANG_ENABLE_OBJC_WEAK = YES;
				CLANG_WARN_BLOCK_CAPTURE_AUTORELEASING = YES;
				CLANG_WARN_BOOL_CONVERSION = YES;
				CLANG_WARN_COMMA = YES;
				CLANG_WARN_CONSTANT_CONVERSION = YES;
				CLANG_WARN_DEPRECATED_OBJC_IMPLEMENTATIONS = YES;
				CLANG_WARN_DIRECT_OBJC_ISA_USAGE = YES_ERROR;
				CLANG_WARN_DOCUMENTATION_COMMENTS = YES;
				CLANG_WARN_EMPTY_BODY = YES;
				CLANG_WARN_ENUM_CONVERSION = YES;
				CLANG_WARN_INFINITE_RECURSION = YES;
				CLANG_WARN_INT_CONVERSION = YES;
				CLANG_WARN_NON_LITERAL_NULL_CONVERSION = YES;
				CLANG_WARN_OBJC_IMPLICIT_RETAIN_SELF = YES;
				CLANG_WARN_OBJC_LITERAL_CONVERSION = YES;
				CLANG_WARN_OBJC_ROOT_CLASS = YES_ERROR;
				CLANG_WARN_QUOTED_INCLUDE_IN_FRAMEWORK_HEADER = YES;
				CLANG_WARN_RANGE_LOOP_ANALYSIS = YES;
				CLANG_WARN_STRICT_PROTOTYPES = YES;
				CLANG_WARN_SUSPICIOUS_MOVE = YES;
				CLANG_WARN_UNGUARDED_AVAILABILITY = YES_AGGRESSIVE;
				CLANG_WARN_UNREACHABLE_CODE = YES;
				CLANG_WARN__DUPLICATE_METHOD_MATCH = YES;
				COPY_PHASE_STRIP = NO;
				DEBUG_INFORMATION_FORMAT = dwarf;
				ENABLE_STRICT_OBJC_MSGSEND = YES;
				ENABLE_TESTABILITY = YES;
				GCC_C_LANGUAGE_STANDARD = gnu11;
				GCC_DYNAMIC_NO_PIC = NO;
				GCC_NO_COMMON_BLOCKS = YES;
				GCC_OPTIMIZATION_LEVEL = 0;
				GCC_PREPROCESSOR_DEFINITIONS = (
					"$(inherited)",
					"DEBUG=1",
				);
				GCC_WARN_64_TO_32_BIT_CONVERSION = YES;
				GCC_WARN_ABOUT_RETURN_TYPE = YES_ERROR;
				GCC_WARN_UNDECLARED_SELECTOR = YES;
				GCC_WARN_UNINITIALIZED_AUTOS = YES_AGGRESSIVE;
				GCC_WARN_UNUSED_FUNCTION = YES;
				GCC_WARN_UNUSED_VARIABLE = YES;
				IPHONEOS_DEPLOYMENT_TARGET = 17.0;
				MTL_ENABLE_DEBUG_INFO = INCLUDE_SOURCE;
				MTL_FAST_MATH = YES;
				ONLY_ACTIVE_ARCH = YES;
				PRODUCT_NAME = "$(TARGET_NAME)";
				SDKROOT = iphoneos;
				SWIFT_ACTIVE_COMPILATION_CONDITIONS = DEBUG;
				SWIFT_OPTIMIZATION_LEVEL = "-Onone";
				SWIFT_VERSION = 5.0;
			};
			name = Debug;
		};
		698624257705A9AA2582D350 /* Debug */ = {
			isa = XCBuildConfiguration;
			buildSettings = {
				ASSETCATALOG_COMPILER_APPICON_NAME = AppIcon;
				CODE_SIGN_IDENTITY = "iPhone Developer";
				CODE_SIGN_STYLE = Automatic;
				GENERATE_INFOPLIST_FILE = YES;
				INFOPLIST_KEY_CFBundleDisplayName = Tapa;
				INFOPLIST_KEY_TapaSupabaseAnonKey = "$(SUPABASE_ANON_KEY)";
				INFOPLIST_KEY_TapaSupabaseURL = "$(SUPABASE_URL)";
				INFOPLIST_KEY_UIApplicationSceneManifest_Generation = YES;
				INFOPLIST_KEY_UILaunchScreen_Generation = YES;
				LD_RUNPATH_SEARCH_PATHS = (
					"$(inherited)",
					"@executable_path/Frameworks",
				);
				PRODUCT_BUNDLE_IDENTIFIER = app.tapa.ios;
				PRODUCT_NAME = Tapa;
				SDKROOT = iphoneos;
				SWIFT_VERSION = 5.10;
				TARGETED_DEVICE_FAMILY = "1,2";
			};
			name = Debug;
		};
		6F3596A6B25782BE0155C101 /* Release */ = {
			isa = XCBuildConfiguration;
			baseConfigurationReference = 066069F1913900B5432A6C09 /* Base.xcconfig */;
			buildSettings = {
				ALWAYS_SEARCH_USER_PATHS = NO;
				CLANG_ANALYZER_NONNULL = YES;
				CLANG_ANALYZER_NUMBER_OBJECT_CONVERSION = YES_AGGRESSIVE;
				CLANG_CXX_LANGUAGE_STANDARD = "gnu++14";
				CLANG_CXX_LIBRARY = "libc++";
				CLANG_ENABLE_MODULES = YES;
				CLANG_ENABLE_OBJC_ARC = YES;
				CLANG_ENABLE_OBJC_WEAK = YES;
				CLANG_WARN_BLOCK_CAPTURE_AUTORELEASING = YES;
				CLANG_WARN_BOOL_CONVERSION = YES;
				CLANG_WARN_COMMA = YES;
				CLANG_WARN_CONSTANT_CONVERSION = YES;
				CLANG_WARN_DEPRECATED_OBJC_IMPLEMENTATIONS = YES;
				CLANG_WARN_DIRECT_OBJC_ISA_USAGE = YES_ERROR;
				CLANG_WARN_DOCUMENTATION_COMMENTS = YES;
				CLANG_WARN_EMPTY_BODY = YES;
				CLANG_WARN_ENUM_CONVERSION = YES;
				CLANG_WARN_INFINITE_RECURSION = YES;
				CLANG_WARN_INT_CONVERSION = YES;
				CLANG_WARN_NON_LITERAL_NULL_CONVERSION = YES;
				CLANG_WARN_OBJC_IMPLICIT_RETAIN_SELF = YES;
				CLANG_WARN_OBJC_LITERAL_CONVERSION = YES;
				CLANG_WARN_OBJC_ROOT_CLASS = YES_ERROR;
				CLANG_WARN_QUOTED_INCLUDE_IN_FRAMEWORK_HEADER = YES;
				CLANG_WARN_RANGE_LOOP_ANALYSIS = YES;
				CLANG_WARN_STRICT_PROTOTYPES = YES;
				CLANG_WARN_SUSPICIOUS_MOVE = YES;
				CLANG_WARN_UNGUARDED_AVAILABILITY = YES_AGGRESSIVE;
				CLANG_WARN_UNREACHABLE_CODE = YES;
				CLANG_WARN__DUPLICATE_METHOD_MATCH = YES;
				COPY_PHASE_STRIP = NO;
				DEBUG_INFORMATION_FORMAT = "dwarf-with-dsym";
				ENABLE_NS_ASSERTIONS = NO;
				ENABLE_STRICT_OBJC_MSGSEND = YES;
				GCC_C_LANGUAGE_STANDARD = gnu11;
				GCC_NO_COMMON_BLOCKS = YES;
				GCC_WARN_64_TO_32_BIT_CONVERSION = YES;
				GCC_WARN_ABOUT_RETURN_TYPE = YES_ERROR;
				GCC_WARN_UNDECLARED_SELECTOR = YES;
				GCC_WARN_UNINITIALIZED_AUTOS = YES_AGGRESSIVE;
				GCC_WARN_UNUSED_FUNCTION = YES;
				GCC_WARN_UNUSED_VARIABLE = YES;
				IPHONEOS_DEPLOYMENT_TARGET = 17.0;
				MTL_ENABLE_DEBUG_INFO = NO;
				MTL_FAST_MATH = YES;
				PRODUCT_NAME = "$(TARGET_NAME)";
				SDKROOT = iphoneos;
				SWIFT_COMPILATION_MODE = wholemodule;
				SWIFT_OPTIMIZATION_LEVEL = "-O";
				SWIFT_VERSION = 5.0;
			};
			name = Release;
		};
		BDB19A219FEA4DA313C32240 /* Release */ = {
			isa = XCBuildConfiguration;
			buildSettings = {
				ASSETCATALOG_COMPILER_APPICON_NAME = AppIcon;
				CODE_SIGN_IDENTITY = "iPhone Developer";
				CODE_SIGN_STYLE = Automatic;
				GENERATE_INFOPLIST_FILE = YES;
				INFOPLIST_KEY_CFBundleDisplayName = Tapa;
				INFOPLIST_KEY_TapaSupabaseAnonKey = "$(SUPABASE_ANON_KEY)";
				INFOPLIST_KEY_TapaSupabaseURL = "$(SUPABASE_URL)";
				INFOPLIST_KEY_UIApplicationSceneManifest_Generation = YES;
				INFOPLIST_KEY_UILaunchScreen_Generation = YES;
				LD_RUNPATH_SEARCH_PATHS = (
					"$(inherited)",
					"@executable_path/Frameworks",
				);
				PRODUCT_BUNDLE_IDENTIFIER = app.tapa.ios;
				PRODUCT_NAME = Tapa;
				SDKROOT = iphoneos;
				SWIFT_VERSION = 5.10;
				TARGETED_DEVICE_FAMILY = "1,2";
			};
			name = Release;
		};
/* End XCBuildConfiguration section */

/* Begin XCConfigurationList section */
		8004605CF1346621427B11F2 /* Build configuration list for PBXNativeTarget "Tapa" */ = {
			isa = XCConfigurationList;
			buildConfigurations = (
				698624257705A9AA2582D350 /* Debug */,
				BDB19A219FEA4DA313C32240 /* Release */,
			);
			defaultConfigurationIsVisible = 0;
			defaultConfigurationName = Debug;
		};
		EE020CE938A9146572EC8B91 /* Build configuration list for PBXProject "Tapa" */ = {
			isa = XCConfigurationList;
			buildConfigurations = (
				4732432269011BF38A04402F /* Debug */,
				6F3596A6B25782BE0155C101 /* Release */,
			);
			defaultConfigurationIsVisible = 0;
			defaultConfigurationName = Debug;
		};
/* End XCConfigurationList section */

/* Begin XCLocalSwiftPackageReference section */
		AFC7EACC056A3F4453D31F5E /* XCLocalSwiftPackageReference "." */ = {
			isa = XCLocalSwiftPackageReference;
			relativePath = .;
		};
/* End XCLocalSwiftPackageReference section */

/* Begin XCSwiftPackageProductDependency section */
		0FA3D000F738863FC7470B36 /* TapaUI */ = {
			isa = XCSwiftPackageProductDependency;
			productName = TapaUI;
		};
		E39B8E236A9D9EA2DC83DD5D /* TapaCore */ = {
			isa = XCSwiftPackageProductDependency;
			productName = TapaCore;
		};
/* End XCSwiftPackageProductDependency section */
	};
	rootObject = 89B2BF9220BFFC0979D6B76E /* Project object */;
}
